
Microsoft Visual Studio Solution File, Format Version 12.00
# Visual Studio 2015
Project("{FAE04EC0-301F-11D3-BF4B-00C04F79EFBC}") = "BonecoTeste.CSharp", "BonecoTeste.CSharp.csproj", "{A66926BE-2FC7-9FAE-E659-533C9D9E8BFD}"
EndProject
Project("{FAE04EC0-301F-11D3-BF4B-00C04F79EFBC}") = "BonecoTeste.CSharp.Editor", "BonecoTeste.CSharp.Editor.csproj", "{C4A787D1-5DAF-2963-935E-075D9AFC0BB8}"
EndProject
Global
	GlobalSection(SolutionConfigurationPlatforms) = preSolution
		Debug|Any CPU = Debug|Any CPU
		Release|Any CPU = Release|Any CPU
	EndGlobalSection
	GlobalSection(ProjectConfigurationPlatforms) = postSolution
		{A66926BE-2FC7-9FAE-E659-533C9D9E8BFD}.Debug|Any CPU.ActiveCfg = Debug|Any CPU
		{A66926BE-2FC7-9FAE-E659-533C9D9E8BFD}.Debug|Any CPU.Build.0 = Debug|Any CPU
		{A66926BE-2FC7-9FAE-E659-533C9D9E8BFD}.Release|Any CPU.ActiveCfg = Release|Any CPU
		{A66926BE-2FC7-9FAE-E659-533C9D9E8BFD}.Release|Any CPU.Build.0 = Release|Any CPU
		{C4A787D1-5DAF-2963-935E-075D9AFC0BB8}.Debug|Any CPU.ActiveCfg = Debug|Any CPU
		{C4A787D1-5DAF-2963-935E-075D9AFC0BB8}.Debug|Any CPU.Build.0 = Debug|Any CPU
		{C4A787D1-5DAF-2963-935E-075D9AFC0BB8}.Release|Any CPU.ActiveCfg = Release|Any CPU
		{C4A787D1-5DAF-2963-935E-075D9AFC0BB8}.Release|Any CPU.Build.0 = Release|Any CPU
	EndGlobalSection
	GlobalSection(SolutionProperties) = preSolution
		HideSolutionNode = FALSE
	EndGlobalSection
EndGlobal
