
Microsoft Visual Studio Solution File, Format Version 12.00
# Visual Studio 2015
Project("{FAE04EC0-301F-11D3-BF4B-00C04F79EFBC}") = "Ciclo_Hidrologico.CSharp", "Ciclo_Hidrologico.CSharp.csproj", "{5257364B-81D3-4245-7C70-46FEAD27DD63}"
EndProject
Project("{FAE04EC0-301F-11D3-BF4B-00C04F79EFBC}") = "Ciclo_Hidrologico.CSharp.Editor", "Ciclo_Hidrologico.CSharp.Editor.csproj", "{87428E1A-89D8-62F4-A5F0-BA66F62BD44C}"
EndProject
Global
	GlobalSection(SolutionConfigurationPlatforms) = preSolution
		Debug|Any CPU = Debug|Any CPU
		Release|Any CPU = Release|Any CPU
	EndGlobalSection
	GlobalSection(ProjectConfigurationPlatforms) = postSolution
		{5257364B-81D3-4245-7C70-46FEAD27DD63}.Debug|Any CPU.ActiveCfg = Debug|Any CPU
		{5257364B-81D3-4245-7C70-46FEAD27DD63}.Debug|Any CPU.Build.0 = Debug|Any CPU
		{5257364B-81D3-4245-7C70-46FEAD27DD63}.Release|Any CPU.ActiveCfg = Release|Any CPU
		{5257364B-81D3-4245-7C70-46FEAD27DD63}.Release|Any CPU.Build.0 = Release|Any CPU
		{87428E1A-89D8-62F4-A5F0-BA66F62BD44C}.Debug|Any CPU.ActiveCfg = Debug|Any CPU
		{87428E1A-89D8-62F4-A5F0-BA66F62BD44C}.Debug|Any CPU.Build.0 = Debug|Any CPU
		{87428E1A-89D8-62F4-A5F0-BA66F62BD44C}.Release|Any CPU.ActiveCfg = Release|Any CPU
		{87428E1A-89D8-62F4-A5F0-BA66F62BD44C}.Release|Any CPU.Build.0 = Release|Any CPU
	EndGlobalSection
	GlobalSection(SolutionProperties) = preSolution
		HideSolutionNode = FALSE
	EndGlobalSection
EndGlobal
